
Microsoft Visual Studio Solution File, Format Version 12.00
# Visual Studio 14
VisualStudioVersion = 14.0.25420.1
MinimumVisualStudioVersion = 10.0.40219.1
Project("{FAE04EC0-301F-11D3-BF4B-00C04F79EFBC}") = "Sender", "Sender\Sender.csproj", "{F1B65992-9A98-401B-8CBD-F7A719E6E6D1}"
EndProject
Project("{FAE04EC0-301F-11D3-BF4B-00C04F79EFBC}") = "Receiver", "Receiver\Receiver.csproj", "{C10BDE12-8A9A-43A2-BDEF-7792A9662C30}"
EndProject
Project("{FAE04EC0-301F-11D3-BF4B-00C04F79EFBC}") = "SenderWithSas", "SenderWithSas\SenderWithSas.csproj", "{81B56CA2-7A66-4984-BAE8-47227D811A0C}"
EndProject
Global
	GlobalSection(SolutionConfigurationPlatforms) = preSolution
		Debug|Any CPU = Debug|Any CPU
		Release|Any CPU = Release|Any CPU
	EndGlobalSection
	GlobalSection(ProjectConfigurationPlatforms) = postSolution
		{F1B65992-9A98-401B-8CBD-F7A719E6E6D1}.Debug|Any CPU.ActiveCfg = Debug|Any CPU
		{F1B65992-9A98-401B-8CBD-F7A719E6E6D1}.Debug|Any CPU.Build.0 = Debug|Any CPU
		{F1B65992-9A98-401B-8CBD-F7A719E6E6D1}.Release|Any CPU.ActiveCfg = Release|Any CPU
		{F1B65992-9A98-401B-8CBD-F7A719E6E6D1}.Release|Any CPU.Build.0 = Release|Any CPU
		{C10BDE12-8A9A-43A2-BDEF-7792A9662C30}.Debug|Any CPU.ActiveCfg = Debug|Any CPU
		{C10BDE12-8A9A-43A2-BDEF-7792A9662C30}.Debug|Any CPU.Build.0 = Debug|Any CPU
		{C10BDE12-8A9A-43A2-BDEF-7792A9662C30}.Release|Any CPU.ActiveCfg = Release|Any CPU
		{C10BDE12-8A9A-43A2-BDEF-7792A9662C30}.Release|Any CPU.Build.0 = Release|Any CPU
		{81B56CA2-7A66-4984-BAE8-47227D811A0C}.Debug|Any CPU.ActiveCfg = Debug|Any CPU
		{81B56CA2-7A66-4984-BAE8-47227D811A0C}.Debug|Any CPU.Build.0 = Debug|Any CPU
		{81B56CA2-7A66-4984-BAE8-47227D811A0C}.Release|Any CPU.ActiveCfg = Release|Any CPU
		{81B56CA2-7A66-4984-BAE8-47227D811A0C}.Release|Any CPU.Build.0 = Release|Any CPU
	EndGlobalSection
	GlobalSection(SolutionProperties) = preSolution
		HideSolutionNode = FALSE
	EndGlobalSection
EndGlobal
